
Microsoft Visual Studio Solution File, Format Version 12.00
# Visual Studio Version 17
VisualStudioVersion = 17.10.34928.147
MinimumVisualStudioVersion = 10.0.40219.1
Project("{FAE04EC0-301F-11D3-BF4B-00C04F79EFBC}") = "EFManyToMany - Task - 08.07.2024", "EFManyToMany - Task - 08.07.2024.csproj", "{CF4FB665-C2DB-4ECE-8248-0E3E35FE731B}"
EndProject
Global
	GlobalSection(SolutionConfigurationPlatforms) = preSolution
		Debug|Any CPU = Debug|Any CPU
		Release|Any CPU = Release|Any CPU
	EndGlobalSection
	GlobalSection(ProjectConfigurationPlatforms) = postSolution
		{CF4FB665-C2DB-4ECE-8248-0E3E35FE731B}.Debug|Any CPU.ActiveCfg = Debug|Any CPU
		{CF4FB665-C2DB-4ECE-8248-0E3E35FE731B}.Debug|Any CPU.Build.0 = Debug|Any CPU
		{CF4FB665-C2DB-4ECE-8248-0E3E35FE731B}.Release|Any CPU.ActiveCfg = Release|Any CPU
		{CF4FB665-C2DB-4ECE-8248-0E3E35FE731B}.Release|Any CPU.Build.0 = Release|Any CPU
	EndGlobalSection
	GlobalSection(SolutionProperties) = preSolution
		HideSolutionNode = FALSE
	EndGlobalSection
	GlobalSection(ExtensibilityGlobals) = postSolution
		SolutionGuid = {BA6DE8D2-9B99-4DB4-A4AD-9EA07123CA24}
	EndGlobalSection
EndGlobal
